{
  "name": "dlc-markdown-editor",
  "version": "0.0.1",
  "lockfileVersion": 1,
  "requires": true,
  "dependencies": {
    "@ionic/core": {
      "version": "4.5.0-dev.201905311531.e014c6a",
      "resolved": "https://registry.npmjs.org/@ionic/core/-/core-4.5.0-dev.201905311531.e014c6a.tgz",
      "integrity": "sha512-q1zeWthPSVOtueJQTfyDnD4SitJF2+OsptMZMc1NvNgXJ/2EGQbfXMbIfX3ZRolxkY7btgJIQajP2nq/0XV1mA==",
      "dev": true,
      "requires": {
        "ionicons": "^4.5.9-1",
        "tslib": "^1.9.3"
      },
      "dependencies": {
        "ionicons": {
          "version": "4.5.9-1",
          "resolved": "https://registry.npmjs.org/ionicons/-/ionicons-4.5.9-1.tgz",
          "integrity": "sha512-jR95cFGkPwNoH3MmoMF7qO+wMRgr7RdDG4Zuy+3WA6dnochfaZ1BisIC1TB3XLydy5cShxAK5eHqaSHcRkUHPQ==",
          "dev": true
        }
      }
    },
    "@stencil/core": {
      "version": "1.0.2",
      "resolved": "https://registry.npmjs.org/@stencil/core/-/core-1.0.2.tgz",
      "integrity": "sha512-5hug3gaFcAJSfyMTqppoOf9hJyrdYBVjlgnlW3IjDCTMKHFcnvXQh31E54n+Hv9z868/B0EbCxY5lhMVHbTIKw==",
      "dev": true,
      "requires": {
        "typescript": "3.5.1"
      }
    },
    "@stencil/sass": {
      "version": "0.2.3",
      "resolved": "https://registry.npmjs.org/@stencil/sass/-/sass-0.2.3.tgz",
      "integrity": "sha512-JmS0HQVZ+TuBdk+kvNkDJPQYLjC/sc3Ionsbo7/MccdSu7JLikdQ4JOdQClDMdaMV2m4jqHjlQMpxMtOWLf7CQ=="
    },
    "github-markdown-css": {
      "version": "3.0.1",
      "resolved": "https://registry.npmjs.org/github-markdown-css/-/github-markdown-css-3.0.1.tgz",
      "integrity": "sha512-9G5CIPsHoyk5ObDsb/H4KTi23J8KE1oDd4KYU51qwqeM+lKWAiO7abpSgCkyWswgmSKBiuE7/4f8xUz7f2qAiQ=="
    },
    "ionicons": {
      "version": "4.5.8",
      "resolved": "https://registry.npmjs.org/ionicons/-/ionicons-4.5.8.tgz",
      "integrity": "sha512-Zib/fFGHt+r9tWrvZnrxVj22cO4NVj+ZOb76v5yiOyvb0LSTbbReECDg7lEU8e+YR69qCtWHruStJ+b4G/OWxg=="
    },
    "marked": {
      "version": "0.6.2",
      "resolved": "https://registry.npmjs.org/marked/-/marked-0.6.2.tgz",
      "integrity": "sha512-LqxwVH3P/rqKX4EKGz7+c2G9r98WeM/SW34ybhgNGhUQNKtf1GmmSkJ6cDGJ/t6tiyae49qRkpyTw2B9HOrgUA=="
    },
    "tslib": {
      "version": "1.9.3",
      "resolved": "https://registry.npmjs.org/tslib/-/tslib-1.9.3.tgz",
      "integrity": "sha512-4krF8scpejhaOgqzBEcGM7yDIEfi0/8+8zDRZhNZZ2kjmHJ4hv3zCbQWxoJGz1iw5U0Jl0nma13xzHXcncMavQ==",
      "dev": true
    },
    "typescript": {
      "version": "3.5.1",
      "resolved": "https://registry.npmjs.org/typescript/-/typescript-3.5.1.tgz",
      "integrity": "sha512-64HkdiRv1yYZsSe4xC1WVgamNigVYjlssIoaH2HcZF0+ijsk5YK2g0G34w9wJkze8+5ow4STd22AynfO6ZYYLw==",
      "dev": true
    }
  }
}
